# This file is generated by running "yarn install" inside your project.
# Manual changes might be lost - proceed with caution!

__metadata:
  version: 8
  cacheKey: 10c0

"@acme/tools@workspace:*, @acme/tools@workspace:packages/tools":
  version: 0.0.0-use.local
  resolution: "@acme/tools@workspace:packages/tools"
  languageName: unknown
  linkType: soft

"left-pad@npm:1.3.0":
  version: 1.3.0
  resolution: "left-pad@npm:1.3.0"
  checksum: 10c0/3fb59c76e281a2f5c810ad71dbbb8eba8b10c6cf94733dc7f27b8c516a5376cacea53543e76f6ae477d866c8954b27f1e15ca349424c2542474eb5bb1d2b6955
  languageName: node
  linkType: hard

"localdep@file:./localdep.tgz::locator=yarn-build-metadata%40workspace%3A.":
  version: 2.0.0+local
  resolution: "localdep@file:./localdep.tgz#./localdep.tgz::hash=9dfe2e&locator=yarn-build-metadata%40workspace%3A."
  checksum: 10c0/988340062b2715b0b25620a5370f5608460f67c447fbe186e028865e51bc69ee167c53d9053c5542e0beba1a3055616ec72094c8974a476ebbaa4d7d9d898228
  languageName: node
  linkType: hard

"wsmember@workspace:*, wsmember@workspace:packages/wsmember":
  version: 0.0.0-use.local
  resolution: "wsmember@workspace:packages/wsmember"
  languageName: unknown
  linkType: soft

"yarn-build-metadata@workspace:.":
  version: 0.0.0-use.local
  resolution: "yarn-build-metadata@workspace:."
  dependencies:
    "@acme/tools": "workspace:*"
    left-pad: "npm:1.3.0"
    localdep: "file:./localdep.tgz"
    wsmember: "workspace:*"
  languageName: unknown
  linkType: soft
