{
  "name": "npm-build-metadata",
  "version": "1.0.0+root",
  "lockfileVersion": 3,
  "requires": true,
  "packages": {
    "": {
      "name": "npm-build-metadata",
      "version": "1.0.0+root",
      "license": "MIT",
      "workspaces": [
        "packages/*"
      ],
      "dependencies": {
        "@acme/tools": "*",
        "left-pad": "1.3.0",
        "localdep": "file:./localdep.tgz",
        "wsmember": "*"
      }
    },
    "node_modules/@acme/tools": {
      "resolved": "packages/tools",
      "link": true
    },
    "node_modules/left-pad": {
      "version": "1.3.0",
      "resolved": "https://registry.npmjs.org/left-pad/-/left-pad-1.3.0.tgz",
      "integrity": "sha512-XI5MPzVNApjAyhQzphX8BkmKsKUxD4LdyK24iZeQGinBN9yTQT3bFlCBy/aVx2HrNcqQGsdot8ghrjyrvMCoEA==",
      "deprecated": "use String.prototype.padStart()",
      "license": "WTFPL"
    },
    "node_modules/localdep": {
      "version": "2.0.0+local",
      "resolved": "file:localdep.tgz",
      "integrity": "sha512-nf4ujVjBCQbkHO1lZsK5ezSlkUOTn0MEjH53jZgbNmDybR5CZO8Vb1Qnp65r2R+b7mdRFVUCTcqr6ZlSQpx2Iw==",
      "license": "MIT"
    },
    "node_modules/wsmember": {
      "resolved": "packages/wsmember",
      "link": true
    },
    "packages/tools": {
      "name": "@acme/tools",
      "version": "0.9.0+exp.sha.5114f85",
      "license": "MIT"
    },
    "packages/wsmember": {
      "version": "3.0.0+ws",
      "license": "MIT"
    }
  }
}
